{
  "nodes": {
    "easy-dotnet": {
      "flake": false,
      "locked": {
        "lastModified": 1744222716,
        "narHash": "sha256-4EdLs0BTfjGKztq/PvU/agrZRfwclqPB7hjumGVyIcg=",
        "owner": "GustavEikaas",
        "repo": "easy-dotnet.nvim",
        "rev": "d9ad37a813c8f7bd59caf4f0a9c87d2c9f5cfe00",
        "type": "github"
      },
      "original": {
        "owner": "GustavEikaas",
        "repo": "easy-dotnet.nvim",
        "type": "github"
      }
    },
    "nixCats": {
      "locked": {
        "lastModified": 1744361059,
        "narHash": "sha256-1fDObEbCaRF3B1WpyF9KNem1YAVIUo4ckQf2ctU43B4=",
        "owner": "BirdeeHub",
        "repo": "nixCats-nvim",
        "rev": "b35ef16c9c31406cd1f55f80fe41ec6dd8aebea5",
        "type": "github"
      },
      "original": {
        "owner": "BirdeeHub",
        "repo": "nixCats-nvim",
        "type": "github"
      }
    },
    "nixpkgs": {
      "locked": {
        "lastModified": 1747542820,
        "narHash": "sha256-GaOZntlJ6gPPbbkTLjbd8BMWaDYafhuuYRNrxCGnPJw=",
        "owner": "nixos",
        "repo": "nixpkgs",
        "rev": "292fa7d4f6519c074f0a50394dbbe69859bb6043",
        "type": "github"
      },
      "original": {
        "owner": "nixos",
        "ref": "nixos-unstable",
        "repo": "nixpkgs",
        "type": "github"
      }
    },
    "root": {
      "inputs": {
        "easy-dotnet": "easy-dotnet",
        "nixCats": "nixCats",
        "nixpkgs": "nixpkgs"
      }
    }
  },
  "root": "root",
  "version": 7
}
