{
  "nodes": {
    "nixCats": {
      "locked": {
        "lastModified": 1730202844,
        "narHash": "sha256-M4IBPRz/oVlgEERPi5s4Oe3MzoZOSjYXVgjCdsk+YSM=",
        "owner": "BirdeeHub",
        "repo": "nixCats-nvim",
        "rev": "553caacfe4728ea3ca3671b7edeb9f6fb6025dc7",
        "type": "github"
      },
      "original": {
        "owner": "BirdeeHub",
        "repo": "nixCats-nvim",
        "type": "github"
      }
    },
    "nixpkgs": {
      "locked": {
        "lastModified": 1730170245,
        "narHash": "sha256-PRq4vJjDa+m1mNwkV9H7zVzMhuMqsHJrTGx0iJZ0e0w=",
        "owner": "nixos",
        "repo": "nixpkgs",
        "rev": "30c9efeef01e2ad4880bff6a01a61dd99536b3c9",
        "type": "github"
      },
      "original": {
        "owner": "nixos",
        "ref": "nixpkgs-unstable",
        "repo": "nixpkgs",
        "type": "github"
      }
    },
    "root": {
      "inputs": {
        "nixCats": "nixCats",
        "nixpkgs": "nixpkgs",
        "roslyn-nvim": "roslyn-nvim"
      }
    },
    "roslyn-nvim": {
      "flake": false,
      "locked": {
        "lastModified": 1729093958,
        "narHash": "sha256-t3gShqWD54bUPOAsqF+VeUenbuFtFxk3fpz8mVRASEw=",
        "owner": "seblj",
        "repo": "roslyn.nvim",
        "rev": "0cb7527d951237bd23e30c461e8f7e2d615830fd",
        "type": "github"
      },
      "original": {
        "owner": "seblj",
        "repo": "roslyn.nvim",
        "type": "github"
      }
    }
  },
  "root": "root",
  "version": 7
}
