{
  "nodes": {
    "easy-dotnet": {
      "flake": false,
      "locked": {
        "lastModified": 1732954054,
        "narHash": "sha256-n6PV8jplYN8cKZBbotL4nkx523NX21xeRTYtMamVpfQ=",
        "owner": "GustavEikaas",
        "repo": "easy-dotnet.nvim",
        "rev": "dd781e1229f5d05e9293318160910561fa6388f4",
        "type": "github"
      },
      "original": {
        "owner": "GustavEikaas",
        "repo": "easy-dotnet.nvim",
        "type": "github"
      }
    },
    "multicursor-nvim": {
      "flake": false,
      "locked": {
        "lastModified": 1732936682,
        "narHash": "sha256-TK7STdR7+FRMRWyIWrEffy8ec6MsW3XnOwQU+2hFHe0=",
        "owner": "jake-stewart",
        "repo": "multicursor.nvim",
        "rev": "8d3bb1685510758575191de3ba801f110aee6af8",
        "type": "github"
      },
      "original": {
        "owner": "jake-stewart",
        "repo": "multicursor.nvim",
        "type": "github"
      }
    },
    "nixCats": {
      "locked": {
        "lastModified": 1732723981,
        "narHash": "sha256-yesFrNUagSnd7wXb/anWz0gZ4J63Luol8pTVupdzw2Y=",
        "owner": "BirdeeHub",
        "repo": "nixCats-nvim",
        "rev": "666d3e20d9f274922d36ddc3f6e3a8b871d0f5f1",
        "type": "github"
      },
      "original": {
        "owner": "BirdeeHub",
        "repo": "nixCats-nvim",
        "type": "github"
      }
    },
    "nixpkgs": {
      "locked": {
        "lastModified": 1732812356,
        "narHash": "sha256-LNcgjOLArRlx2W6XSi0yc0xwLjrK3KF9LxAMqUgFDgw=",
        "owner": "nixos",
        "repo": "nixpkgs",
        "rev": "581d7e4d23b91daf2afa0005a5d3d01d6a8884fe",
        "type": "github"
      },
      "original": {
        "owner": "nixos",
        "ref": "nixpkgs-unstable",
        "repo": "nixpkgs",
        "type": "github"
      }
    },
    "root": {
      "inputs": {
        "easy-dotnet": "easy-dotnet",
        "multicursor-nvim": "multicursor-nvim",
        "nixCats": "nixCats",
        "nixpkgs": "nixpkgs",
        "roslyn-nvim": "roslyn-nvim"
      }
    },
    "roslyn-nvim": {
      "flake": false,
      "locked": {
        "lastModified": 1732919126,
        "narHash": "sha256-t1bhvJB3bq2+/pR5exiv4rSS6TYF05s7NjtAUKSHDes=",
        "owner": "seblj",
        "repo": "roslyn.nvim",
        "rev": "17ab3fda128f4df577c1d792244ac4491513cc8f",
        "type": "github"
      },
      "original": {
        "owner": "seblj",
        "repo": "roslyn.nvim",
        "type": "github"
      }
    }
  },
  "root": "root",
  "version": 7
}
